
Microsoft Visual Studio Solution File, Format Version 12.00
# Visual Studio Version 16
VisualStudioVersion = 16.0.31129.286
MinimumVisualStudioVersion = 10.0.40219.1
Project("{FAE04EC0-301F-11D3-BF4B-00C04F79EFBC}") = "DelVaksin", "DelVaksin\DelVaksin.csproj", "{5DD0D8FA-B21F-4D82-8AF1-154E5F46B022}"
EndProject
Project("{FAE04EC0-301F-11D3-BF4B-00C04F79EFBC}") = "DelVaksinClient", "DelVaksinClient\DelVaksinClient.csproj", "{03E41521-2D1E-4226-8FDD-BDFF13403D03}"
	ProjectSection(ProjectDependencies) = postProject
		{5DD0D8FA-B21F-4D82-8AF1-154E5F46B022} = {5DD0D8FA-B21F-4D82-8AF1-154E5F46B022}
	EndProjectSection
EndProject
Global
	GlobalSection(SolutionConfigurationPlatforms) = preSolution
		Debug|Any CPU = Debug|Any CPU
		Release|Any CPU = Release|Any CPU
	EndGlobalSection
	GlobalSection(ProjectConfigurationPlatforms) = postSolution
		{5DD0D8FA-B21F-4D82-8AF1-154E5F46B022}.Debug|Any CPU.ActiveCfg = Debug|Any CPU
		{5DD0D8FA-B21F-4D82-8AF1-154E5F46B022}.Debug|Any CPU.Build.0 = Debug|Any CPU
		{5DD0D8FA-B21F-4D82-8AF1-154E5F46B022}.Release|Any CPU.ActiveCfg = Release|Any CPU
		{5DD0D8FA-B21F-4D82-8AF1-154E5F46B022}.Release|Any CPU.Build.0 = Release|Any CPU
		{03E41521-2D1E-4226-8FDD-BDFF13403D03}.Debug|Any CPU.ActiveCfg = Debug|Any CPU
		{03E41521-2D1E-4226-8FDD-BDFF13403D03}.Debug|Any CPU.Build.0 = Debug|Any CPU
		{03E41521-2D1E-4226-8FDD-BDFF13403D03}.Release|Any CPU.ActiveCfg = Release|Any CPU
		{03E41521-2D1E-4226-8FDD-BDFF13403D03}.Release|Any CPU.Build.0 = Release|Any CPU
	EndGlobalSection
	GlobalSection(SolutionProperties) = preSolution
		HideSolutionNode = FALSE
	EndGlobalSection
	GlobalSection(ExtensibilityGlobals) = postSolution
		SolutionGuid = {E340E2C1-7968-41FC-BD69-88009A1D9C14}
	EndGlobalSection
EndGlobal
